{
  "name": "tetris-vscode",
  "version": "0.0.6",
  "lockfileVersion": 3,
  "requires": true,
  "packages": {
    "": {
      "name": "tetris-vscode",
      "version": "0.0.6",
      "devDependencies": {
        "@types/node": "^16.18.34",
        "@types/vscode": "^1.73.0",
        "typescript": "^5.3.2"
      },
      "engines": {
        "vscode": "^1.74.0"
      }
    },
    "node_modules/@types/node": {
      "version": "16.18.79",
      "resolved": "https://registry.npmjs.org/@types/node/-/node-16.18.79.tgz",
      "integrity": "sha512-Qd7jdLR5zmnIyMhfDrfPqN5tUCvreVpP3Qrf2oSM+F7SNzlb/MwHISGUkdFHtevfkPJ3iAGyeQI/jsbh9EStgQ==",
      "dev": true
    },
    "node_modules/@types/vscode": {
      "version": "1.73.1",
      "dev": true,
      "license": "MIT"
    },
    "node_modules/typescript": {
      "version": "5.3.2",
      "dev": true,
      "license": "Apache-2.0",
      "bin": {
        "tsc": "bin/tsc",
        "tsserver": "bin/tsserver"
      },
      "engines": {
        "node": ">=14.17"
      }
    }
  }
}
